
Microsoft Visual Studio Solution File, Format Version 12.00
# Visual Studio Version 17
VisualStudioVersion = 17.3.32929.385
MinimumVisualStudioVersion = 10.0.40219.1
Project("{8BC9CEB8-8B4A-11D0-8D11-00A0C91BC942}") = "REFix", "REFix.vcxproj", "{D1E885D9-C511-46C1-83D5-43AB4539A81D}"
EndProject
Global
	GlobalSection(SolutionConfigurationPlatforms) = preSolution
		RE2_TDB66Debug|x64 = RE2_TDB66Debug|x64
		RE2_TDB66Release|x64 = RE2_TDB66Release|x64
		RE2Debug|x64 = RE2Debug|x64
		RE2Release|x64 = RE2Release|x64
		RE3_TDB67Debug|x64 = RE3_TDB67Debug|x64
		RE3_TDB67Release|x64 = RE3_TDB67Release|x64
		RE3Debug|x64 = RE3Debug|x64
		RE3Release|x64 = RE3Release|x64
	EndGlobalSection
	GlobalSection(ProjectConfigurationPlatforms) = postSolution
		{D1E885D9-C511-46C1-83D5-43AB4539A81D}.RE2_TDB66Debug|x64.ActiveCfg = RE2_TDB66Debug|x64
		{D1E885D9-C511-46C1-83D5-43AB4539A81D}.RE2_TDB66Debug|x64.Build.0 = RE2_TDB66Debug|x64
		{D1E885D9-C511-46C1-83D5-43AB4539A81D}.RE2_TDB66Release|x64.ActiveCfg = RE2_TDB66Release|x64
		{D1E885D9-C511-46C1-83D5-43AB4539A81D}.RE2_TDB66Release|x64.Build.0 = RE2_TDB66Release|x64
		{D1E885D9-C511-46C1-83D5-43AB4539A81D}.RE2Debug|x64.ActiveCfg = RE2Debug|x64
		{D1E885D9-C511-46C1-83D5-43AB4539A81D}.RE2Debug|x64.Build.0 = RE2Debug|x64
		{D1E885D9-C511-46C1-83D5-43AB4539A81D}.RE2Release|x64.ActiveCfg = RE2Release|x64
		{D1E885D9-C511-46C1-83D5-43AB4539A81D}.RE2Release|x64.Build.0 = RE2Release|x64
		{D1E885D9-C511-46C1-83D5-43AB4539A81D}.RE3_TDB67Debug|x64.ActiveCfg = RE3_TDB67Debug|x64
		{D1E885D9-C511-46C1-83D5-43AB4539A81D}.RE3_TDB67Debug|x64.Build.0 = RE3_TDB67Debug|x64
		{D1E885D9-C511-46C1-83D5-43AB4539A81D}.RE3_TDB67Release|x64.ActiveCfg = RE3_TDB67Release|x64
		{D1E885D9-C511-46C1-83D5-43AB4539A81D}.RE3_TDB67Release|x64.Build.0 = RE3_TDB67Release|x64
		{D1E885D9-C511-46C1-83D5-43AB4539A81D}.RE3Debug|x64.ActiveCfg = RE3Debug|x64
		{D1E885D9-C511-46C1-83D5-43AB4539A81D}.RE3Debug|x64.Build.0 = RE3Debug|x64
		{D1E885D9-C511-46C1-83D5-43AB4539A81D}.RE3Release|x64.ActiveCfg = RE3Release|x64
		{D1E885D9-C511-46C1-83D5-43AB4539A81D}.RE3Release|x64.Build.0 = RE3Release|x64
	EndGlobalSection
	GlobalSection(SolutionProperties) = preSolution
		HideSolutionNode = FALSE
	EndGlobalSection
	GlobalSection(ExtensibilityGlobals) = postSolution
		SolutionGuid = {7ABA75C3-9C84-438B-B077-A9DE51885A77}
	EndGlobalSection
EndGlobal
